
Microsoft Visual Studio Solution File, Format Version 12.00
# Visual Studio Version 16
VisualStudioVersion = 16.0.32413.511
MinimumVisualStudioVersion = 10.0.40219.1
Project("{FAE04EC0-301F-11D3-BF4B-00C04F79EFBC}") = "CarritoClient", "CarritoClient\CarritoClient.csproj", "{79A7CA40-BF02-4ADF-8784-E5A1E8B4A995}"
EndProject
Project("{FAE04EC0-301F-11D3-BF4B-00C04F79EFBC}") = "CarritoService", "CarritoService\CarritoService.csproj", "{21698B8D-8BBC-417A-9C2D-7FB4A573C12C}"
EndProject
Global
	GlobalSection(SolutionConfigurationPlatforms) = preSolution
		Debug|Any CPU = Debug|Any CPU
		Release|Any CPU = Release|Any CPU
	EndGlobalSection
	GlobalSection(ProjectConfigurationPlatforms) = postSolution
		{79A7CA40-BF02-4ADF-8784-E5A1E8B4A995}.Debug|Any CPU.ActiveCfg = Debug|Any CPU
		{79A7CA40-BF02-4ADF-8784-E5A1E8B4A995}.Debug|Any CPU.Build.0 = Debug|Any CPU
		{79A7CA40-BF02-4ADF-8784-E5A1E8B4A995}.Release|Any CPU.ActiveCfg = Release|Any CPU
		{79A7CA40-BF02-4ADF-8784-E5A1E8B4A995}.Release|Any CPU.Build.0 = Release|Any CPU
		{21698B8D-8BBC-417A-9C2D-7FB4A573C12C}.Debug|Any CPU.ActiveCfg = Debug|Any CPU
		{21698B8D-8BBC-417A-9C2D-7FB4A573C12C}.Debug|Any CPU.Build.0 = Debug|Any CPU
		{21698B8D-8BBC-417A-9C2D-7FB4A573C12C}.Release|Any CPU.ActiveCfg = Release|Any CPU
		{21698B8D-8BBC-417A-9C2D-7FB4A573C12C}.Release|Any CPU.Build.0 = Release|Any CPU
	EndGlobalSection
	GlobalSection(SolutionProperties) = preSolution
		HideSolutionNode = FALSE
	EndGlobalSection
	GlobalSection(ExtensibilityGlobals) = postSolution
		SolutionGuid = {490AB04A-5445-49DE-AB25-3AB208EE9E09}
	EndGlobalSection
EndGlobal
